// !$*UTF8*$!
{
	archiveVersion = 1;
	classes = {
	};
	objectVersion = 56;
	objects = {

/* Begin PBXBuildFile section */
		A90DBED82B63DB4700349EC8 /* Decimal+currency.swift in Sources */ = {isa = PBXBuildFile; fileRef = A90DBED72B63DB4700349EC8 /* Decimal+currency.swift */; };
		A96C0C0C2B6E772600019793 /* Launch Screen.storyboard in Resources */ = {isa = PBXBuildFile; fileRef = A96C0C0B2B6E772600019793 /* Launch Screen.storyboard */; };
		A96C0C102B6E9A2300019793 /* ItemImagePicker.swift in Sources */ = {isa = PBXBuildFile; fileRef = A96C0C0F2B6E9A2300019793 /* ItemImagePicker.swift */; };
		A97086BE2B49E90D0074E554 /* ShoppingListRow.swift in Sources */ = {isa = PBXBuildFile; fileRef = A97086BC2B49E69A0074E554 /* ShoppingListRow.swift */; };
		A99007092B33CBE400F557D4 /* ShoppingItem.swift in Sources */ = {isa = PBXBuildFile; fileRef = A99007082B33CBE400F557D4 /* ShoppingItem.swift */; };
		A99A88C12B549421000D4564 /* ShoppingListViewModel.swift in Sources */ = {isa = PBXBuildFile; fileRef = A99A88C02B549421000D4564 /* ShoppingListViewModel.swift */; };
		A9ABE4D52B63161800A2FDE7 /* TotalPurchaseViewModel.swift in Sources */ = {isa = PBXBuildFile; fileRef = A9ABE4D42B63161800A2FDE7 /* TotalPurchaseViewModel.swift */; };
		A9ABE4D72B63512300A2FDE7 /* ShoppingItemsDataSource.swift in Sources */ = {isa = PBXBuildFile; fileRef = A9ABE4D62B63512300A2FDE7 /* ShoppingItemsDataSource.swift */; };
		A9ABE4D92B63555400A2FDE7 /* ShoppingFormViewModel.swift in Sources */ = {isa = PBXBuildFile; fileRef = A9ABE4D82B63555400A2FDE7 /* ShoppingFormViewModel.swift */; };
		C5233D952B2C246B00130218 /* ComprasUSAApp.swift in Sources */ = {isa = PBXBuildFile; fileRef = C5233D942B2C246B00130218 /* ComprasUSAApp.swift */; };
		C5233D972B2C246B00130218 /* MainTabView.swift in Sources */ = {isa = PBXBuildFile; fileRef = C5233D962B2C246B00130218 /* MainTabView.swift */; };
		C5233D992B2C246D00130218 /* Assets.xcassets in Resources */ = {isa = PBXBuildFile; fileRef = C5233D982B2C246D00130218 /* Assets.xcassets */; };
		C5233D9C2B2C246D00130218 /* Preview Assets.xcassets in Resources */ = {isa = PBXBuildFile; fileRef = C5233D9B2B2C246D00130218 /* Preview Assets.xcassets */; };
		C5233DA52B2C2C4400130218 /* ShoppingListView.swift in Sources */ = {isa = PBXBuildFile; fileRef = C5233DA42B2C2C4400130218 /* ShoppingListView.swift */; };
		C5233DA72B2C2C5E00130218 /* ShoppingFormView.swift in Sources */ = {isa = PBXBuildFile; fileRef = C5233DA62B2C2C5E00130218 /* ShoppingFormView.swift */; };
		C5233DAE2B2C37C100130218 /* SettingsView.swift in Sources */ = {isa = PBXBuildFile; fileRef = C5233DAD2B2C37C100130218 /* SettingsView.swift */; };
		C5233DB12B2C3D9300130218 /* TotalPurchaseView.swift in Sources */ = {isa = PBXBuildFile; fileRef = C5233DB02B2C3D9300130218 /* TotalPurchaseView.swift */; };
/* End PBXBuildFile section */

/* Begin PBXFileReference section */
		A90DBED72B63DB4700349EC8 /* Decimal+currency.swift */ = {isa = PBXFileReference; lastKnownFileType = sourcecode.swift; path = "Decimal+currency.swift"; sourceTree = "<group>"; };
		A96C0C0B2B6E772600019793 /* Launch Screen.storyboard */ = {isa = PBXFileReference; lastKnownFileType = file.storyboard; path = "Launch Screen.storyboard"; sourceTree = "<group>"; };
		A96C0C0F2B6E9A2300019793 /* ItemImagePicker.swift */ = {isa = PBXFileReference; lastKnownFileType = sourcecode.swift; path = ItemImagePicker.swift; sourceTree = "<group>"; };
		A97086BC2B49E69A0074E554 /* ShoppingListRow.swift */ = {isa = PBXFileReference; lastKnownFileType = sourcecode.swift; path = ShoppingListRow.swift; sourceTree = "<group>"; };
		A99007082B33CBE400F557D4 /* ShoppingItem.swift */ = {isa = PBXFileReference; lastKnownFileType = sourcecode.swift; path = ShoppingItem.swift; sourceTree = "<group>"; };
		A99A88C02B549421000D4564 /* ShoppingListViewModel.swift */ = {isa = PBXFileReference; lastKnownFileType = sourcecode.swift; path = ShoppingListViewModel.swift; sourceTree = "<group>"; };
		A9ABE4D42B63161800A2FDE7 /* TotalPurchaseViewModel.swift */ = {isa = PBXFileReference; lastKnownFileType = sourcecode.swift; path = TotalPurchaseViewModel.swift; sourceTree = "<group>"; };
		A9ABE4D62B63512300A2FDE7 /* ShoppingItemsDataSource.swift */ = {isa = PBXFileReference; lastKnownFileType = sourcecode.swift; path = ShoppingItemsDataSource.swift; sourceTree = "<group>"; };
		A9ABE4D82B63555400A2FDE7 /* ShoppingFormViewModel.swift */ = {isa = PBXFileReference; lastKnownFileType = sourcecode.swift; path = ShoppingFormViewModel.swift; sourceTree = "<group>"; };
		C5233D912B2C246B00130218 /* GustavoNayaraViciciusYuri.app */ = {isa = PBXFileReference; explicitFileType = wrapper.application; includeInIndex = 0; path = GustavoNayaraViciciusYuri.app; sourceTree = BUILT_PRODUCTS_DIR; };
		C5233D942B2C246B00130218 /* ComprasUSAApp.swift */ = {isa = PBXFileReference; lastKnownFileType = sourcecode.swift; path = ComprasUSAApp.swift; sourceTree = "<group>"; };
		C5233D962B2C246B00130218 /* MainTabView.swift */ = {isa = PBXFileReference; lastKnownFileType = sourcecode.swift; path = MainTabView.swift; sourceTree = "<group>"; };
		C5233D982B2C246D00130218 /* Assets.xcassets */ = {isa = PBXFileReference; lastKnownFileType = folder.assetcatalog; path = Assets.xcassets; sourceTree = "<group>"; };
		C5233D9B2B2C246D00130218 /* Preview Assets.xcassets */ = {isa = PBXFileReference; lastKnownFileType = folder.assetcatalog; path = "Preview Assets.xcassets"; sourceTree = "<group>"; };
		C5233DA42B2C2C4400130218 /* ShoppingListView.swift */ = {isa = PBXFileReference; lastKnownFileType = sourcecode.swift; path = ShoppingListView.swift; sourceTree = "<group>"; };
		C5233DA62B2C2C5E00130218 /* ShoppingFormView.swift */ = {isa = PBXFileReference; lastKnownFileType = sourcecode.swift; path = ShoppingFormView.swift; sourceTree = "<group>"; };
		C5233DAD2B2C37C100130218 /* SettingsView.swift */ = {isa = PBXFileReference; lastKnownFileType = sourcecode.swift; path = SettingsView.swift; sourceTree = "<group>"; };
		C5233DB02B2C3D9300130218 /* TotalPurchaseView.swift */ = {isa = PBXFileReference; lastKnownFileType = sourcecode.swift; path = TotalPurchaseView.swift; sourceTree = "<group>"; };
/* End PBXFileReference section */

/* Begin PBXFrameworksBuildPhase section */
		C5233D8E2B2C246B00130218 /* Frameworks */ = {
			isa = PBXFrameworksBuildPhase;
			buildActionMask = 2147483647;
			files = (
			);
			runOnlyForDeploymentPostprocessing = 0;
		};
/* End PBXFrameworksBuildPhase section */

/* Begin PBXGroup section */
		A90DBED62B63DB2E00349EC8 /* Extensions */ = {
			isa = PBXGroup;
			children = (
				A90DBED72B63DB4700349EC8 /* Decimal+currency.swift */,
			);
			path = Extensions;
			sourceTree = "<group>";
		};
		A99007072B33CBD800F557D4 /* Models */ = {
			isa = PBXGroup;
			children = (
				A99007082B33CBE400F557D4 /* ShoppingItem.swift */,
				A9ABE4D62B63512300A2FDE7 /* ShoppingItemsDataSource.swift */,
			);
			path = Models;
			sourceTree = "<group>";
		};
		A99A88BF2B549410000D4564 /* ViewModels */ = {
			isa = PBXGroup;
			children = (
				A99A88C02B549421000D4564 /* ShoppingListViewModel.swift */,
				A9ABE4D42B63161800A2FDE7 /* TotalPurchaseViewModel.swift */,
				A9ABE4D82B63555400A2FDE7 /* ShoppingFormViewModel.swift */,
			);
			path = ViewModels;
			sourceTree = "<group>";
		};
		C5233D882B2C246B00130218 = {
			isa = PBXGroup;
			children = (
				C5233D932B2C246B00130218 /* GustavoNayaraViciciusYuri */,
				C5233D922B2C246B00130218 /* Products */,
			);
			sourceTree = "<group>";
		};
		C5233D922B2C246B00130218 /* Products */ = {
			isa = PBXGroup;
			children = (
				C5233D912B2C246B00130218 /* GustavoNayaraViciciusYuri.app */,
			);
			name = Products;
			sourceTree = "<group>";
		};
		C5233D932B2C246B00130218 /* GustavoNayaraViciciusYuri */ = {
			isa = PBXGroup;
			children = (
				A90DBED62B63DB2E00349EC8 /* Extensions */,
				A99A88BF2B549410000D4564 /* ViewModels */,
				A99007072B33CBD800F557D4 /* Models */,
				C5233DA32B2C2BC900130218 /* App */,
				C5233DA22B2C2BC200130218 /* Views */,
				C5233D9A2B2C246D00130218 /* Preview Content */,
				C5233D982B2C246D00130218 /* Assets.xcassets */,
				A96C0C0B2B6E772600019793 /* Launch Screen.storyboard */,
			);
			path = GustavoNayaraViciciusYuri;
			sourceTree = "<group>";
		};
		C5233D9A2B2C246D00130218 /* Preview Content */ = {
			isa = PBXGroup;
			children = (
				C5233D9B2B2C246D00130218 /* Preview Assets.xcassets */,
			);
			path = "Preview Content";
			sourceTree = "<group>";
		};
		C5233DA22B2C2BC200130218 /* Views */ = {
			isa = PBXGroup;
			children = (
				C5233DA82B2C374A00130218 /* MainTab */,
				C5233DAA2B2C377100130218 /* ShoppingList */,
				C5233DA92B2C375E00130218 /* ShoppingForm */,
				C5233DAB2B2C37B300130218 /* Settings */,
				C5233DAF2B2C3CEB00130218 /* TotalPurchase */,
			);
			path = Views;
			sourceTree = "<group>";
		};
		C5233DA32B2C2BC900130218 /* App */ = {
			isa = PBXGroup;
			children = (
				C5233D942B2C246B00130218 /* ComprasUSAApp.swift */,
			);
			path = App;
			sourceTree = "<group>";
		};
		C5233DA82B2C374A00130218 /* MainTab */ = {
			isa = PBXGroup;
			children = (
				C5233D962B2C246B00130218 /* MainTabView.swift */,
			);
			path = MainTab;
			sourceTree = "<group>";
		};
		C5233DA92B2C375E00130218 /* ShoppingForm */ = {
			isa = PBXGroup;
			children = (
				A96C0C0F2B6E9A2300019793 /* ItemImagePicker.swift */,
				C5233DA62B2C2C5E00130218 /* ShoppingFormView.swift */,
			);
			path = ShoppingForm;
			sourceTree = "<group>";
		};
		C5233DAA2B2C377100130218 /* ShoppingList */ = {
			isa = PBXGroup;
			children = (
				C5233DA42B2C2C4400130218 /* ShoppingListView.swift */,
				A97086BC2B49E69A0074E554 /* ShoppingListRow.swift */,
			);
			path = ShoppingList;
			sourceTree = "<group>";
		};
		C5233DAB2B2C37B300130218 /* Settings */ = {
			isa = PBXGroup;
			children = (
				C5233DAD2B2C37C100130218 /* SettingsView.swift */,
			);
			path = Settings;
			sourceTree = "<group>";
		};
		C5233DAF2B2C3CEB00130218 /* TotalPurchase */ = {
			isa = PBXGroup;
			children = (
				C5233DB02B2C3D9300130218 /* TotalPurchaseView.swift */,
			);
			path = TotalPurchase;
			sourceTree = "<group>";
		};
/* End PBXGroup section */

/* Begin PBXNativeTarget section */
		C5233D902B2C246B00130218 /* GustavoNayaraViciciusYuri */ = {
			isa = PBXNativeTarget;
			buildConfigurationList = C5233D9F2B2C246D00130218 /* Build configuration list for PBXNativeTarget "GustavoNayaraViciciusYuri" */;
			buildPhases = (
				C5233D8D2B2C246B00130218 /* Sources */,
				C5233D8E2B2C246B00130218 /* Frameworks */,
				C5233D8F2B2C246B00130218 /* Resources */,
			);
			buildRules = (
			);
			dependencies = (
			);
			name = GustavoNayaraViciciusYuri;
			productName = MuambasUSA;
			productReference = C5233D912B2C246B00130218 /* GustavoNayaraViciciusYuri.app */;
			productType = "com.apple.product-type.application";
		};
/* End PBXNativeTarget section */

/* Begin PBXProject section */
		C5233D892B2C246B00130218 /* Project object */ = {
			isa = PBXProject;
			attributes = {
				BuildIndependentTargetsInParallel = 1;
				LastSwiftUpdateCheck = 1500;
				LastUpgradeCheck = 1500;
				TargetAttributes = {
					C5233D902B2C246B00130218 = {
						CreatedOnToolsVersion = 15.0.1;
					};
				};
			};
			buildConfigurationList = C5233D8C2B2C246B00130218 /* Build configuration list for PBXProject "GustavoNayaraViciciusYuri" */;
			compatibilityVersion = "Xcode 14.0";
			developmentRegion = en;
			hasScannedForEncodings = 0;
			knownRegions = (
				en,
				Base,
			);
			mainGroup = C5233D882B2C246B00130218;
			productRefGroup = C5233D922B2C246B00130218 /* Products */;
			projectDirPath = "";
			projectRoot = "";
			targets = (
				C5233D902B2C246B00130218 /* GustavoNayaraViciciusYuri */,
			);
		};
/* End PBXProject section */

/* Begin PBXResourcesBuildPhase section */
		C5233D8F2B2C246B00130218 /* Resources */ = {
			isa = PBXResourcesBuildPhase;
			buildActionMask = 2147483647;
			files = (
				A96C0C0C2B6E772600019793 /* Launch Screen.storyboard in Resources */,
				C5233D9C2B2C246D00130218 /* Preview Assets.xcassets in Resources */,
				C5233D992B2C246D00130218 /* Assets.xcassets in Resources */,
			);
			runOnlyForDeploymentPostprocessing = 0;
		};
/* End PBXResourcesBuildPhase section */

/* Begin PBXSourcesBuildPhase section */
		C5233D8D2B2C246B00130218 /* Sources */ = {
			isa = PBXSourcesBuildPhase;
			buildActionMask = 2147483647;
			files = (
				C5233DAE2B2C37C100130218 /* SettingsView.swift in Sources */,
				A90DBED82B63DB4700349EC8 /* Decimal+currency.swift in Sources */,
				C5233DA72B2C2C5E00130218 /* ShoppingFormView.swift in Sources */,
				A9ABE4D92B63555400A2FDE7 /* ShoppingFormViewModel.swift in Sources */,
				C5233DB12B2C3D9300130218 /* TotalPurchaseView.swift in Sources */,
				C5233DA52B2C2C4400130218 /* ShoppingListView.swift in Sources */,
				A96C0C102B6E9A2300019793 /* ItemImagePicker.swift in Sources */,
				A9ABE4D72B63512300A2FDE7 /* ShoppingItemsDataSource.swift in Sources */,
				A99A88C12B549421000D4564 /* ShoppingListViewModel.swift in Sources */,
				A97086BE2B49E90D0074E554 /* ShoppingListRow.swift in Sources */,
				A99007092B33CBE400F557D4 /* ShoppingItem.swift in Sources */,
				C5233D972B2C246B00130218 /* MainTabView.swift in Sources */,
				A9ABE4D52B63161800A2FDE7 /* TotalPurchaseViewModel.swift in Sources */,
				C5233D952B2C246B00130218 /* ComprasUSAApp.swift in Sources */,
			);
			runOnlyForDeploymentPostprocessing = 0;
		};
/* End PBXSourcesBuildPhase section */

/* Begin XCBuildConfiguration section */
		C5233D9D2B2C246D00130218 /* Debug */ = {
			isa = XCBuildConfiguration;
			buildSettings = {
				ALWAYS_SEARCH_USER_PATHS = NO;
				ASSETCATALOG_COMPILER_GENERATE_SWIFT_ASSET_SYMBOL_EXTENSIONS = YES;
				CLANG_ANALYZER_NONNULL = YES;
				CLANG_ANALYZER_NUMBER_OBJECT_CONVERSION = YES_AGGRESSIVE;
				CLANG_CXX_LANGUAGE_STANDARD = "gnu++20";
				CLANG_ENABLE_MODULES = YES;
				CLANG_ENABLE_OBJC_ARC = YES;
				CLANG_ENABLE_OBJC_WEAK = YES;
				CLANG_WARN_BLOCK_CAPTURE_AUTORELEASING = YES;
				CLANG_WARN_BOOL_CONVERSION = YES;
				CLANG_WARN_COMMA = YES;
				CLANG_WARN_CONSTANT_CONVERSION = YES;
				CLANG_WARN_DEPRECATED_OBJC_IMPLEMENTATIONS = YES;
				CLANG_WARN_DIRECT_OBJC_ISA_USAGE = YES_ERROR;
				CLANG_WARN_DOCUMENTATION_COMMENTS = YES;
				CLANG_WARN_EMPTY_BODY = YES;
				CLANG_WARN_ENUM_CONVERSION = YES;
				CLANG_WARN_INFINITE_RECURSION = YES;
				CLANG_WARN_INT_CONVERSION = YES;
				CLANG_WARN_NON_LITERAL_NULL_CONVERSION = YES;
				CLANG_WARN_OBJC_IMPLICIT_RETAIN_SELF = YES;
				CLANG_WARN_OBJC_LITERAL_CONVERSION = YES;
				CLANG_WARN_OBJC_ROOT_CLASS = YES_ERROR;
				CLANG_WARN_QUOTED_INCLUDE_IN_FRAMEWORK_HEADER = YES;
				CLANG_WARN_RANGE_LOOP_ANALYSIS = YES;
				CLANG_WARN_STRICT_PROTOTYPES = YES;
				CLANG_WARN_SUSPICIOUS_MOVE = YES;
				CLANG_WARN_UNGUARDED_AVAILABILITY = YES_AGGRESSIVE;
				CLANG_WARN_UNREACHABLE_CODE = YES;
				CLANG_WARN__DUPLICATE_METHOD_MATCH = YES;
				COPY_PHASE_STRIP = NO;
				DEBUG_INFORMATION_FORMAT = dwarf;
				ENABLE_STRICT_OBJC_MSGSEND = YES;
				ENABLE_TESTABILITY = YES;
				ENABLE_USER_SCRIPT_SANDBOXING = YES;
				GCC_C_LANGUAGE_STANDARD = gnu17;
				GCC_DYNAMIC_NO_PIC = NO;
				GCC_NO_COMMON_BLOCKS = YES;
				GCC_OPTIMIZATION_LEVEL = 0;
				GCC_PREPROCESSOR_DEFINITIONS = (
					"DEBUG=1",
					"$(inherited)",
				);
				GCC_WARN_64_TO_32_BIT_CONVERSION = YES;
				GCC_WARN_ABOUT_RETURN_TYPE = YES_ERROR;
				GCC_WARN_UNDECLARED_SELECTOR = YES;
				GCC_WARN_UNINITIALIZED_AUTOS = YES_AGGRESSIVE;
				GCC_WARN_UNUSED_FUNCTION = YES;
				GCC_WARN_UNUSED_VARIABLE = YES;
				IPHONEOS_DEPLOYMENT_TARGET = 17.0;
				LOCALIZATION_PREFERS_STRING_CATALOGS = YES;
				MTL_ENABLE_DEBUG_INFO = INCLUDE_SOURCE;
				MTL_FAST_MATH = YES;
				ONLY_ACTIVE_ARCH = YES;
				SDKROOT = iphoneos;
				SWIFT_ACTIVE_COMPILATION_CONDITIONS = "DEBUG $(inherited)";
				SWIFT_OPTIMIZATION_LEVEL = "-Onone";
			};
			name = Debug;
		};
		C5233D9E2B2C246D00130218 /* Release */ = {
			isa = XCBuildConfiguration;
			buildSettings = {
				ALWAYS_SEARCH_USER_PATHS = NO;
				ASSETCATALOG_COMPILER_GENERATE_SWIFT_ASSET_SYMBOL_EXTENSIONS = YES;
				CLANG_ANALYZER_NONNULL = YES;
				CLANG_ANALYZER_NUMBER_OBJECT_CONVERSION = YES_AGGRESSIVE;
				CLANG_CXX_LANGUAGE_STANDARD = "gnu++20";
				CLANG_ENABLE_MODULES = YES;
				CLANG_ENABLE_OBJC_ARC = YES;
				CLANG_ENABLE_OBJC_WEAK = YES;
				CLANG_WARN_BLOCK_CAPTURE_AUTORELEASING = YES;
				CLANG_WARN_BOOL_CONVERSION = YES;
				CLANG_WARN_COMMA = YES;
				CLANG_WARN_CONSTANT_CONVERSION = YES;
				CLANG_WARN_DEPRECATED_OBJC_IMPLEMENTATIONS = YES;
				CLANG_WARN_DIRECT_OBJC_ISA_USAGE = YES_ERROR;
				CLANG_WARN_DOCUMENTATION_COMMENTS = YES;
				CLANG_WARN_EMPTY_BODY = YES;
				CLANG_WARN_ENUM_CONVERSION = YES;
				CLANG_WARN_INFINITE_RECURSION = YES;
				CLANG_WARN_INT_CONVERSION = YES;
				CLANG_WARN_NON_LITERAL_NULL_CONVERSION = YES;
				CLANG_WARN_OBJC_IMPLICIT_RETAIN_SELF = YES;
				CLANG_WARN_OBJC_LITERAL_CONVERSION = YES;
				CLANG_WARN_OBJC_ROOT_CLASS = YES_ERROR;
				CLANG_WARN_QUOTED_INCLUDE_IN_FRAMEWORK_HEADER = YES;
				CLANG_WARN_RANGE_LOOP_ANALYSIS = YES;
				CLANG_WARN_STRICT_PROTOTYPES = YES;
				CLANG_WARN_SUSPICIOUS_MOVE = YES;
				CLANG_WARN_UNGUARDED_AVAILABILITY = YES_AGGRESSIVE;
				CLANG_WARN_UNREACHABLE_CODE = YES;
				CLANG_WARN__DUPLICATE_METHOD_MATCH = YES;
				COPY_PHASE_STRIP = NO;
				DEBUG_INFORMATION_FORMAT = "dwarf-with-dsym";
				ENABLE_NS_ASSERTIONS = NO;
				ENABLE_STRICT_OBJC_MSGSEND = YES;
				ENABLE_USER_SCRIPT_SANDBOXING = YES;
				GCC_C_LANGUAGE_STANDARD = gnu17;
				GCC_NO_COMMON_BLOCKS = YES;
				GCC_WARN_64_TO_32_BIT_CONVERSION = YES;
				GCC_WARN_ABOUT_RETURN_TYPE = YES_ERROR;
				GCC_WARN_UNDECLARED_SELECTOR = YES;
				GCC_WARN_UNINITIALIZED_AUTOS = YES_AGGRESSIVE;
				GCC_WARN_UNUSED_FUNCTION = YES;
				GCC_WARN_UNUSED_VARIABLE = YES;
				IPHONEOS_DEPLOYMENT_TARGET = 17.0;
				LOCALIZATION_PREFERS_STRING_CATALOGS = YES;
				MTL_ENABLE_DEBUG_INFO = NO;
				MTL_FAST_MATH = YES;
				SDKROOT = iphoneos;
				SWIFT_COMPILATION_MODE = wholemodule;
				VALIDATE_PRODUCT = YES;
			};
			name = Release;
		};
		C5233DA02B2C246D00130218 /* Debug */ = {
			isa = XCBuildConfiguration;
			buildSettings = {
				ASSETCATALOG_COMPILER_APPICON_NAME = AppIcon;
				ASSETCATALOG_COMPILER_GLOBAL_ACCENT_COLOR_NAME = AccentColor;
				CODE_SIGN_STYLE = Automatic;
				CURRENT_PROJECT_VERSION = 1;
				DEVELOPMENT_ASSET_PATHS = "\"GustavoNayaraViciciusYuri/Preview Content\"";
				DEVELOPMENT_TEAM = DWNX563SG6;
				ENABLE_PREVIEWS = YES;
				GENERATE_INFOPLIST_FILE = YES;
				INFOPLIST_KEY_CFBundleDisplayName = ComprasUSA;
				INFOPLIST_KEY_UIApplicationSceneManifest_Generation = YES;
				INFOPLIST_KEY_UIApplicationSupportsIndirectInputEvents = YES;
				INFOPLIST_KEY_UILaunchScreen_Generation = YES;
				INFOPLIST_KEY_UILaunchStoryboardName = "Launch Screen.storyboard";
				INFOPLIST_KEY_UISupportedInterfaceOrientations = UIInterfaceOrientationPortrait;
				INFOPLIST_KEY_UISupportedInterfaceOrientations_iPad = "UIInterfaceOrientationLandscapeLeft UIInterfaceOrientationLandscapeRight UIInterfaceOrientationPortrait UIInterfaceOrientationPortraitUpsideDown";
				LD_RUNPATH_SEARCH_PATHS = (
					"$(inherited)",
					"@executable_path/Frameworks",
				);
				MARKETING_VERSION = 1.0;
				PRODUCT_BUNDLE_IDENTIFIER = com.yurastico.ComprasUSA;
				PRODUCT_NAME = "$(TARGET_NAME)";
				SUPPORTED_PLATFORMS = "iphoneos iphonesimulator";
				SUPPORTS_MACCATALYST = NO;
				SUPPORTS_MAC_DESIGNED_FOR_IPHONE_IPAD = NO;
				SUPPORTS_XR_DESIGNED_FOR_IPHONE_IPAD = NO;
				SWIFT_EMIT_LOC_STRINGS = YES;
				SWIFT_VERSION = 5.0;
				TARGETED_DEVICE_FAMILY = 1;
			};
			name = Debug;
		};
		C5233DA12B2C246D00130218 /* Release */ = {
			isa = XCBuildConfiguration;
			buildSettings = {
				ASSETCATALOG_COMPILER_APPICON_NAME = AppIcon;
				ASSETCATALOG_COMPILER_GLOBAL_ACCENT_COLOR_NAME = AccentColor;
				CODE_SIGN_STYLE = Automatic;
				CURRENT_PROJECT_VERSION = 1;
				DEVELOPMENT_ASSET_PATHS = "\"GustavoNayaraViciciusYuri/Preview Content\"";
				DEVELOPMENT_TEAM = DWNX563SG6;
				ENABLE_PREVIEWS = YES;
				GENERATE_INFOPLIST_FILE = YES;
				INFOPLIST_KEY_CFBundleDisplayName = ComprasUSA;
				INFOPLIST_KEY_UIApplicationSceneManifest_Generation = YES;
				INFOPLIST_KEY_UIApplicationSupportsIndirectInputEvents = YES;
				INFOPLIST_KEY_UILaunchScreen_Generation = YES;
				INFOPLIST_KEY_UILaunchStoryboardName = "Launch Screen.storyboard";
				INFOPLIST_KEY_UISupportedInterfaceOrientations = UIInterfaceOrientationPortrait;
				INFOPLIST_KEY_UISupportedInterfaceOrientations_iPad = "UIInterfaceOrientationLandscapeLeft UIInterfaceOrientationLandscapeRight UIInterfaceOrientationPortrait UIInterfaceOrientationPortraitUpsideDown";
				LD_RUNPATH_SEARCH_PATHS = (
					"$(inherited)",
					"@executable_path/Frameworks",
				);
				MARKETING_VERSION = 1.0;
				PRODUCT_BUNDLE_IDENTIFIER = com.yurastico.ComprasUSA;
				PRODUCT_NAME = "$(TARGET_NAME)";
				SUPPORTED_PLATFORMS = "iphoneos iphonesimulator";
				SUPPORTS_MACCATALYST = NO;
				SUPPORTS_MAC_DESIGNED_FOR_IPHONE_IPAD = NO;
				SUPPORTS_XR_DESIGNED_FOR_IPHONE_IPAD = NO;
				SWIFT_EMIT_LOC_STRINGS = YES;
				SWIFT_VERSION = 5.0;
				TARGETED_DEVICE_FAMILY = 1;
			};
			name = Release;
		};
/* End XCBuildConfiguration section */

/* Begin XCConfigurationList section */
		C5233D8C2B2C246B00130218 /* Build configuration list for PBXProject "GustavoNayaraViciciusYuri" */ = {
			isa = XCConfigurationList;
			buildConfigurations = (
				C5233D9D2B2C246D00130218 /* Debug */,
				C5233D9E2B2C246D00130218 /* Release */,
			);
			defaultConfigurationIsVisible = 0;
			defaultConfigurationName = Release;
		};
		C5233D9F2B2C246D00130218 /* Build configuration list for PBXNativeTarget "GustavoNayaraViciciusYuri" */ = {
			isa = XCConfigurationList;
			buildConfigurations = (
				C5233DA02B2C246D00130218 /* Debug */,
				C5233DA12B2C246D00130218 /* Release */,
			);
			defaultConfigurationIsVisible = 0;
			defaultConfigurationName = Release;
		};
/* End XCConfigurationList section */
	};
	rootObject = C5233D892B2C246B00130218 /* Project object */;
}
